{
  "name": "speed-logger",
  "version": "1.0.0",
  "lockfileVersion": 3,
  "requires": true,
  "packages": {
    "": {
      "name": "speed-logger",
      "version": "1.0.0",
      "license": "MIT",
      "dependencies": {
        "asciichart": "^1.5.7",
        "fast-csv": "^2.5.0",
        "greenlock": "^2.7.17",
        "socket.io": "^2.2.0"
      }
    },
    "node_modules/@root/mkdirp": {
      "version": "1.0.0",
      "resolved": "https://registry.npmjs.org/@root/mkdirp/-/mkdirp-1.0.0.tgz",
      "integrity": "sha512-hxGAYUx5029VggfG+U9naAhQkoMSXtOeXtbql97m3Hi6/sQSRL/4khKZPyOF6w11glyCOU38WCNLu9nUcSjOfA==",
      "license": "MPL-2.0"
    },
    "node_modules/@root/request": {
      "version": "1.9.2",
      "resolved": "https://registry.npmjs.org/@root/request/-/request-1.9.2.tgz",
      "integrity": "sha512-wVaL9yVV9oDR9UNbPZa20qgY+4Ch6YN8JUkaE4el/uuS5dmhD8Lusm/ku8qJVNtmQA56XLzEDCRS6/vfpiHK2A==",
      "license": "(MIT OR Apache-2.0)"
    },
    "node_modules/accepts": {
      "version": "1.3.8",
      "resolved": "https://registry.npmjs.org/accepts/-/accepts-1.3.8.tgz",
      "integrity": "sha512-PYAthTa2m2VKxuvSD3DPC/Gy+U+sOA1LAuT8mkmRuvw+NACSaeXEQ+NHcVF7rONl6qcaxV3Uuemwawk+7+SJLw==",
      "license": "MIT",
      "dependencies": {
        "mime-types": "~2.1.34",
        "negotiator": "0.6.3"
      },
      "engines": {
        "node": ">= 0.6"
      }
    },
    "node_modules/acme": {
      "version": "1.3.5",
      "resolved": "https://registry.npmjs.org/acme/-/acme-1.3.5.tgz",
      "integrity": "sha512-KIFVyMho7y3RxRSTzkuX031TmfXwzl0ioy8+r2pnfLz6YWFQ5q7a/cYUDTgIbrFMPe/syY26Qv1DOdHQ5ARWcw==",
      "license": "MPL-2.0",
      "dependencies": {
        "acme-v2": "^1.8.6"
      }
    },
    "node_modules/acme-dns-01-cli": {
      "version": "3.0.7",
      "resolved": "https://registry.npmjs.org/acme-dns-01-cli/-/acme-dns-01-cli-3.0.7.tgz",
      "integrity": "sha512-Aa4bUpq6ftX1VODiShOetOY5U0tsXY5EV7+fQwme3Q8Y9rjYBArBXHgFCAVKtK1AF+Ev8pIuF6Z42hzMFa73/w==",
      "license": "MPL-2.0"
    },
    "node_modules/acme-v2": {
      "version": "1.8.7",
      "resolved": "https://registry.npmjs.org/acme-v2/-/acme-v2-1.8.7.tgz",
      "integrity": "sha512-N0pK8UwboHs+rrmU72c3E9iO7L8meRiknFd5UQT1bH0sAjdNitraVcTIeoqb424CEOLuurrmOdqBWu0v5IuJXQ==",
      "license": "MPL-2.0",
      "dependencies": {
        "@root/request": "^1.3.11",
        "rsa-compat": "^2.0.8"
      }
    },
    "node_modules/after": {
      "version": "0.8.2",
      "resolved": "https://registry.npmjs.org/after/-/after-0.8.2.tgz",
      "integrity": "sha512-QbJ0NTQ/I9DI3uSJA4cbexiwQeRAfjPScqIbSjUDd9TOrcg6pTkdgziesOqxBMBzit8vFCTwrP27t13vFOORRA==",
      "license": "MIT"
    },
    "node_modules/arguments-extended": {
      "version": "0.0.3",
      "resolved": "https://registry.npmjs.org/arguments-extended/-/arguments-extended-0.0.3.tgz",
      "integrity": "sha512-MNYdPKgCiywbgHAmNsYr1tSNLtfbSdwE1akZV+33hU9A8RG0lO5HAK9oMnw7y7bjYUhc04dJpcIBMUaPPYYtXg==",
      "license": "MIT",
      "dependencies": {
        "extended": "~0.0.3",
        "is-extended": "~0.0.8"
      }
    },
    "node_modules/array-extended": {
      "version": "0.0.11",
      "resolved": "https://registry.npmjs.org/array-extended/-/array-extended-0.0.11.tgz",
      "integrity": "sha512-Fe4Ti2YgM1onQgrcCD8dUhFuZgHQxzqylSl1C5IDJVVVqY5D07h8RghIXL9sZ6COZ0e+oTL5IusTv5eXABJ9Kw==",
      "license": "MIT",
      "dependencies": {
        "arguments-extended": "~0.0.3",
        "extended": "~0.0.3",
        "is-extended": "~0.0.3"
      }
    },
    "node_modules/arraybuffer.slice": {
      "version": "0.0.7",
      "resolved": "https://registry.npmjs.org/arraybuffer.slice/-/arraybuffer.slice-0.0.7.tgz",
      "integrity": "sha512-wGUIVQXuehL5TCqQun8OW81jGzAWycqzFF8lFp+GOM5BXLYj3bKNsYC4daB7n6XjCqxQA/qgTJ+8ANR3acjrog==",
      "license": "MIT"
    },
    "node_modules/asciichart": {
      "version": "1.5.25",
      "resolved": "https://registry.npmjs.org/asciichart/-/asciichart-1.5.25.tgz",
      "integrity": "sha512-PNxzXIPPOtWq8T7bgzBtk9cI2lgS4SJZthUHEiQ1aoIc3lNzGfUvIvo9LiAnq26TACo9t1/4qP6KTGAUbzX9Xg==",
      "license": "MIT"
    },
    "node_modules/backo2": {
      "version": "1.0.2",
      "resolved": "https://registry.npmjs.org/backo2/-/backo2-1.0.2.tgz",
      "integrity": "sha512-zj6Z6M7Eq+PBZ7PQxl5NT665MvJdAkzp0f60nAJ+sLaSCBPMwVak5ZegFbgVCzFcCJTKFoMizvM5Ld7+JrRJHA==",
      "license": "MIT"
    },
    "node_modules/base64-arraybuffer": {
      "version": "0.1.4",
      "resolved": "https://registry.npmjs.org/base64-arraybuffer/-/base64-arraybuffer-0.1.4.tgz",
      "integrity": "sha512-a1eIFi4R9ySrbiMuyTGx5e92uRH5tQY6kArNcFaKBUleIoLjdjBg7Zxm3Mqm3Kmkf27HLR/1fnxX9q8GQ7Iavg==",
      "engines": {
        "node": ">= 0.6.0"
      }
    },
    "node_modules/base64id": {
      "version": "2.0.0",
      "resolved": "https://registry.npmjs.org/base64id/-/base64id-2.0.0.tgz",
      "integrity": "sha512-lGe34o6EHj9y3Kts9R4ZYs/Gr+6N7MCaMlIFA3F1R2O5/m7K06AxfSeO5530PEERE6/WyEg3lsuyw4GHlPZHog==",
      "license": "MIT",
      "engines": {
        "node": "^4.5.0 || >= 5.9"
      }
    },
    "node_modules/blob": {
      "version": "0.0.5",
      "resolved": "https://registry.npmjs.org/blob/-/blob-0.0.5.tgz",
      "integrity": "sha512-gaqbzQPqOoamawKg0LGVd7SzLgXS+JH61oWprSLH+P+abTczqJbhTR8CmJ2u9/bUYNmHTGJx/UEmn6doAvvuig==",
      "license": "MIT"
    },
    "node_modules/cert-info": {
      "version": "1.5.1",
      "resolved": "https://registry.npmjs.org/cert-info/-/cert-info-1.5.1.tgz",
      "integrity": "sha512-eoQC/yAgW3gKTKxjzyClvi+UzuY97YCjcl+lSqbsGIy7HeGaWxCPOQFivhUYm27hgsBMhsJJFya3kGvK6PMIcQ==",
      "license": "MPL-2.0",
      "bin": {
        "cert-info": "bin/cert-info.js"
      }
    },
    "node_modules/component-bind": {
      "version": "1.0.0",
      "resolved": "https://registry.npmjs.org/component-bind/-/component-bind-1.0.0.tgz",
      "integrity": "sha512-WZveuKPeKAG9qY+FkYDeADzdHyTYdIboXS59ixDeRJL5ZhxpqUnxSOwop4FQjMsiYm3/Or8cegVbpAHNA7pHxw=="
    },
    "node_modules/component-emitter": {
      "version": "1.3.1",
      "resolved": "https://registry.npmjs.org/component-emitter/-/component-emitter-1.3.1.tgz",
      "integrity": "sha512-T0+barUSQRTUQASh8bx02dl+DhF54GtIDY13Y3m9oWTklKbb3Wv974meRpeZ3lp1JpLVECWWNHC4vaG2XHXouQ==",
      "license": "MIT",
      "funding": {
        "url": "https://github.com/sponsors/sindresorhus"
      }
    },
    "node_modules/component-inherit": {
      "version": "0.0.3",
      "resolved": "https://registry.npmjs.org/component-inherit/-/component-inherit-0.0.3.tgz",
      "integrity": "sha512-w+LhYREhatpVqTESyGFg3NlP6Iu0kEKUHETY9GoZP/pQyW4mHFZuFWRUCIqVPZ36ueVLtoOEZaAqbCF2RDndaA=="
    },
    "node_modules/cookie": {
      "version": "0.4.2",
      "resolved": "https://registry.npmjs.org/cookie/-/cookie-0.4.2.tgz",
      "integrity": "sha512-aSWTXFzaKWkvHO1Ny/s+ePFpvKsPnjc551iI41v3ny/ow6tBG5Vd+FuqGNhh1LxOmVzOlGUriIlOaokOvhaStA==",
      "license": "MIT",
      "engines": {
        "node": ">= 0.6"
      }
    },
    "node_modules/date-extended": {
      "version": "0.0.6",
      "resolved": "https://registry.npmjs.org/date-extended/-/date-extended-0.0.6.tgz",
      "integrity": "sha512-v9a2QLTVn1GQGXf02TQaSvNfeXA/V1FL2Tr0OQYqjI5+L9T5jEtCpLYG01sxFk+m1OtwMxydkKa8NKcflANAoQ==",
      "license": "MIT",
      "dependencies": {
        "array-extended": "~0.0.3",
        "extended": "~0.0.3",
        "is-extended": "~0.0.3"
      }
    },
    "node_modules/debug": {
      "version": "4.1.1",
      "resolved": "https://registry.npmjs.org/debug/-/debug-4.1.1.tgz",
      "integrity": "sha512-pYAIzeRo8J6KPEaJ0VWOh5Pzkbw/RetuzehGM7QRRX5he4fPHx2rdKMB256ehJCkX+XRQm16eZLqLNS8RSZXZw==",
      "deprecated": "Debug versions >=3.2.0 <3.2.7 || >=4 <4.3.1 have a low-severity ReDos regression when used in a Node.js environment. It is recommended you upgrade to 3.2.7 or 4.3.1. (https://github.com/visionmedia/debug/issues/797)",
      "license": "MIT",
      "dependencies": {
        "ms": "^2.1.1"
      }
    },
    "node_modules/declare.js": {
      "version": "0.0.8",
      "resolved": "https://registry.npmjs.org/declare.js/-/declare.js-0.0.8.tgz",
      "integrity": "sha512-O659hy1gcHef7JnwtqdQlrj2c5DAEgtxm8pgFXofW7eUE1L4FjsSLlziovWcrOJAOFlEPaOJshY+0hBWCG/AnA==",
      "license": "MIT"
    },
    "node_modules/eckles": {
      "version": "1.4.1",
      "resolved": "https://registry.npmjs.org/eckles/-/eckles-1.4.1.tgz",
      "integrity": "sha512-auWyk/k8oSkVHaD4RxkPadKsLUcIwKgr/h8F7UZEueFDBO7BsE4y+H6IMUDbfqKIFPg/9MxV6KcBdJCmVVcxSA==",
      "license": "MPL-2.0",
      "bin": {
        "eckles": "bin/eckles.js"
      }
    },
    "node_modules/engine.io": {
      "version": "3.6.2",
      "resolved": "https://registry.npmjs.org/engine.io/-/engine.io-3.6.2.tgz",
      "integrity": "sha512-C4JjGQZLY3kWlIDx0BQNKizbrfpb7NahxDztGdN5jrPK2ghmXiNDN+E/t0JzDeNRZxPVaszxEng42Pmj27X/0w==",
      "license": "MIT",
      "dependencies": {
        "accepts": "~1.3.4",
        "base64id": "2.0.0",
        "cookie": "~0.4.1",
        "debug": "~4.1.0",
        "engine.io-parser": "~2.2.0",
        "ws": "~7.5.10"
      },
      "engines": {
        "node": ">=8.0.0"
      }
    },
    "node_modules/engine.io-client": {
      "version": "3.5.4",
      "resolved": "https://registry.npmjs.org/engine.io-client/-/engine.io-client-3.5.4.tgz",
      "integrity": "sha512-ydc8uuMMDxC5KCKNJN3zZKYJk2sgyTuTZQ7Aj1DJSsLKAcizA/PzWivw8fZMIjJVBo2CJOYzntv4FSjY/Lr//g==",
      "license": "MIT",
      "dependencies": {
        "component-emitter": "~1.3.0",
        "component-inherit": "0.0.3",
        "debug": "~3.1.0",
        "engine.io-parser": "~2.2.0",
        "has-cors": "1.1.0",
        "indexof": "0.0.1",
        "parseqs": "0.0.6",
        "parseuri": "0.0.6",
        "ws": "~7.5.10",
        "xmlhttprequest-ssl": "~1.6.2",
        "yeast": "0.1.2"
      }
    },
    "node_modules/engine.io-client/node_modules/debug": {
      "version": "3.1.0",
      "resolved": "https://registry.npmjs.org/debug/-/debug-3.1.0.tgz",
      "integrity": "sha512-OX8XqP7/1a9cqkxYw2yXss15f26NKWBpDXQd0/uK/KPqdQhxbPa994hnzjcE2VqQpDslf55723cKPUOGSmMY3g==",
      "license": "MIT",
      "dependencies": {
        "ms": "2.0.0"
      }
    },
    "node_modules/engine.io-client/node_modules/ms": {
      "version": "2.0.0",
      "resolved": "https://registry.npmjs.org/ms/-/ms-2.0.0.tgz",
      "integrity": "sha512-Tpp60P6IUJDTuOq/5Z8cdskzJujfwqfOTkrwIwj7IRISpnkJnT6SyJ4PCPnGMoFjC9ddhal5KVIYtAt97ix05A==",
      "license": "MIT"
    },
    "node_modules/engine.io-parser": {
      "version": "2.2.1",
      "resolved": "https://registry.npmjs.org/engine.io-parser/-/engine.io-parser-2.2.1.tgz",
      "integrity": "sha512-x+dN/fBH8Ro8TFwJ+rkB2AmuVw9Yu2mockR/p3W8f8YtExwFgDvBDi0GWyb4ZLkpahtDGZgtr3zLovanJghPqg==",
      "license": "MIT",
      "dependencies": {
        "after": "0.8.2",
        "arraybuffer.slice": "~0.0.7",
        "base64-arraybuffer": "0.1.4",
        "blob": "0.0.5",
        "has-binary2": "~1.0.2"
      }
    },
    "node_modules/extended": {
      "version": "0.0.6",
      "resolved": "https://registry.npmjs.org/extended/-/extended-0.0.6.tgz",
      "integrity": "sha512-rvAV3BDGsV1SYGzUOu7aO0k82quhfl0QAyZudYhAcTeIr1rPbBnyOhOlkCLwLpDfP7HyKAWAPNSjRb9p7lE3rg==",
      "license": "MIT",
      "dependencies": {
        "extender": "~0.0.5"
      }
    },
    "node_modules/extender": {
      "version": "0.0.10",
      "resolved": "https://registry.npmjs.org/extender/-/extender-0.0.10.tgz",
      "integrity": "sha512-iPLUHZJaNW6RuOShQX33ZpewEUIlijFBcsXnKWyiYERKWPsFxfKgx8J0xRz29hKQWPFFPACgBW6cHM7Ke1pfaA==",
      "license": "MIT",
      "dependencies": {
        "declare.js": "~0.0.4"
      }
    },
    "node_modules/fast-csv": {
      "version": "2.5.0",
      "resolved": "https://registry.npmjs.org/fast-csv/-/fast-csv-2.5.0.tgz",
      "integrity": "sha512-M/9ezLU9/uDwvDZTt9sNFJa0iLDUsbhYJwPtnE0D9MjeuB6DY9wRCyUPZta9iI6cSz5wBWGaUPL61QH8h92cNA==",
      "license": "MIT",
      "dependencies": {
        "extended": "0.0.6",
        "is-extended": "0.0.10",
        "object-extended": "0.0.7",
        "safer-buffer": "^2.1.2",
        "string-extended": "0.0.8"
      },
      "engines": {
        "node": ">=4.0.0"
      }
    },
    "node_modules/greenlock": {
      "version": "2.8.9",
      "resolved": "https://registry.npmjs.org/greenlock/-/greenlock-2.8.9.tgz",
      "integrity": "sha512-lqwqqvHWwMl4p7GRIbiscoAhRIiCKeY3m/L1Cl24LWxhU8YHPKCbMCnejjdGIMte6RBHxKCMAuOGbpCcGo7TWQ==",
      "license": "MPL-2.0",
      "dependencies": {
        "acme": "^1.3.5",
        "acme-dns-01-cli": "^3.0.0",
        "acme-v2": "^1.8.7",
        "cert-info": "^1.5.1",
        "greenlock-store-fs": "^3.0.2",
        "keypairs": "^1.2.14",
        "le-challenge-fs": "^2.0.2",
        "le-sni-auto": "^2.1.9",
        "le-store-certbot": "^2.2.4",
        "rsa-compat": "^2.0.8"
      },
      "engines": {
        "node": ">=4.5"
      }
    },
    "node_modules/greenlock-store-fs": {
      "version": "3.2.2",
      "resolved": "https://registry.npmjs.org/greenlock-store-fs/-/greenlock-store-fs-3.2.2.tgz",
      "integrity": "sha512-92ejLB4DyV4qv/2b6VLGF2nKfYQeIfg3o+e/1cIoYLjlIaUFdbBXkzLTRozFlHsQPZt2ALi5qYrpC9IwH7GK8A==",
      "license": "MPL-2.0",
      "dependencies": {
        "@root/mkdirp": "^1.0.0",
        "safe-replace": "^1.1.0"
      }
    },
    "node_modules/has-binary2": {
      "version": "1.0.3",
      "resolved": "https://registry.npmjs.org/has-binary2/-/has-binary2-1.0.3.tgz",
      "integrity": "sha512-G1LWKhDSvhGeAQ8mPVQlqNcOB2sJdwATtZKl2pDKKHfpf/rYj24lkinxf69blJbnsvtqqNU+L3SL50vzZhXOnw==",
      "license": "MIT",
      "dependencies": {
        "isarray": "2.0.1"
      }
    },
    "node_modules/has-cors": {
      "version": "1.1.0",
      "resolved": "https://registry.npmjs.org/has-cors/-/has-cors-1.1.0.tgz",
      "integrity": "sha512-g5VNKdkFuUuVCP9gYfDJHjK2nqdQJ7aDLTnycnc2+RvsOQbuLdF5pm7vuE5J76SEBIQjs4kQY/BWq74JUmjbXA==",
      "license": "MIT"
    },
    "node_modules/indexof": {
      "version": "0.0.1",
      "resolved": "https://registry.npmjs.org/indexof/-/indexof-0.0.1.tgz",
      "integrity": "sha512-i0G7hLJ1z0DE8dsqJa2rycj9dBmNKgXBvotXtZYXakU9oivfB9Uj2ZBC27qqef2U58/ZLwalxa1X/RDCdkHtVg=="
    },
    "node_modules/is-extended": {
      "version": "0.0.10",
      "resolved": "https://registry.npmjs.org/is-extended/-/is-extended-0.0.10.tgz",
      "integrity": "sha512-qp+HR+L9QXbgFurvqiVgD+JiGyUboRgICNzCXmbiLtZBFVSNFbxRsI4q7Be9mCWTO5PoO1IxoWp5sl+j5b83FA==",
      "license": "MIT",
      "dependencies": {
        "extended": "~0.0.3"
      }
    },
    "node_modules/isarray": {
      "version": "2.0.1",
      "resolved": "https://registry.npmjs.org/isarray/-/isarray-2.0.1.tgz",
      "integrity": "sha512-c2cu3UxbI+b6kR3fy0nRnAhodsvR9dx7U5+znCOzdj6IfP3upFURTr0Xl5BlQZNKZjEtxrmVyfSdeE3O57smoQ==",
      "license": "MIT"
    },
    "node_modules/keypairs": {
      "version": "1.2.14",
      "resolved": "https://registry.npmjs.org/keypairs/-/keypairs-1.2.14.tgz",
      "integrity": "sha512-ZoZfZMygyB0QcjSlz7Rh6wT2CJasYEHBPETtmHZEfxuJd7bnsOG5AdtPZqHZBT+hoHvuWCp/4y8VmvTvH0Y9uA==",
      "license": "MPL-2.0",
      "dependencies": {
        "eckles": "^1.4.1",
        "rasha": "^1.2.4"
      },
      "bin": {
        "keypairs-install": "bin/keypairs.js"
      }
    },
    "node_modules/le-challenge-fs": {
      "version": "2.0.9",
      "resolved": "https://registry.npmjs.org/le-challenge-fs/-/le-challenge-fs-2.0.9.tgz",
      "integrity": "sha512-stzI6rxd+aXGxBl87QJKKY/i/wl3uz6EoWzX2xSazJvCPSYBQys1RVNgOcf0SfUQPh6TBCFJFSJkiR4mznb4sg==",
      "license": "MPL-2.0",
      "dependencies": {
        "@root/mkdirp": "^1.0.0"
      }
    },
    "node_modules/le-sni-auto": {
      "version": "2.1.9",
      "resolved": "https://registry.npmjs.org/le-sni-auto/-/le-sni-auto-2.1.9.tgz",
      "integrity": "sha512-QmQHNwQDi/56GY8+qczFZ06FZbxaeJQjbjEhwwQHhkJ9IHhIQFkPfCT/OyDfLj4gqLIrg5ZX8CemxxVZnLEYfg==",
      "license": "(MIT OR Apache-2.0)"
    },
    "node_modules/le-store-certbot": {
      "version": "2.2.4",
      "resolved": "https://registry.npmjs.org/le-store-certbot/-/le-store-certbot-2.2.4.tgz",
      "integrity": "sha512-PC+fZuwZtWnC3x9LVbmoxMSzPO2CpE5PDv1NmYkbuMjw38dep4xAC8GUdlAolQVvnd8zmuviKe5i+45G3CGEvQ==",
      "license": "(MIT OR Apache-2.0)",
      "dependencies": {
        "@root/mkdirp": "^1.0.0",
        "pyconf": "^1.1.7",
        "safe-replace": "^1.1.0"
      }
    },
    "node_modules/mime-db": {
      "version": "1.52.0",
      "resolved": "https://registry.npmjs.org/mime-db/-/mime-db-1.52.0.tgz",
      "integrity": "sha512-sPU4uV7dYlvtWJxwwxHD0PuihVNiE7TyAbQ5SWxDCB9mUYvOgroQOwYQQOKPJ8CIbE+1ETVlOoK1UC2nU3gYvg==",
      "license": "MIT",
      "engines": {
        "node": ">= 0.6"
      }
    },
    "node_modules/mime-types": {
      "version": "2.1.35",
      "resolved": "https://registry.npmjs.org/mime-types/-/mime-types-2.1.35.tgz",
      "integrity": "sha512-ZDY+bPm5zTTF+YpCrAU9nK0UgICYPT0QtT1NZWFv4s++TNkcgVaT0g6+4R2uI4MjQjzysHB1zxuWL50hzaeXiw==",
      "license": "MIT",
      "dependencies": {
        "mime-db": "1.52.0"
      },
      "engines": {
        "node": ">= 0.6"
      }
    },
    "node_modules/ms": {
      "version": "2.1.3",
      "resolved": "https://registry.npmjs.org/ms/-/ms-2.1.3.tgz",
      "integrity": "sha512-6FlzubTLZG3J2a/NVCAleEhjzq5oxgHyaCU9yYXvcLsvoVaHJq/s5xXI6/XXP6tz7R9xAOtHnSO/tXtF3WRTlA==",
      "license": "MIT"
    },
    "node_modules/negotiator": {
      "version": "0.6.3",
      "resolved": "https://registry.npmjs.org/negotiator/-/negotiator-0.6.3.tgz",
      "integrity": "sha512-+EUsqGPLsM+j/zdChZjsnX51g4XrHFOIXwfnCVPGlQk/k5giakcKsuxCObBRu6DSm9opw/O6slWbJdghQM4bBg==",
      "license": "MIT",
      "engines": {
        "node": ">= 0.6"
      }
    },
    "node_modules/object-extended": {
      "version": "0.0.7",
      "resolved": "https://registry.npmjs.org/object-extended/-/object-extended-0.0.7.tgz",
      "integrity": "sha512-2LJYIacEXoZ1glGkAZuvA/4pfJM4Y1ShReAo9jWpBSuz89TiUCdiPqhGJJ6m97F3WjhCSRwrbgaxYEAm9dRYBw==",
      "license": "MIT",
      "dependencies": {
        "array-extended": "~0.0.4",
        "extended": "~0.0.3",
        "is-extended": "~0.0.3"
      }
    },
    "node_modules/parseqs": {
      "version": "0.0.6",
      "resolved": "https://registry.npmjs.org/parseqs/-/parseqs-0.0.6.tgz",
      "integrity": "sha512-jeAGzMDbfSHHA091hr0r31eYfTig+29g3GKKE/PPbEQ65X0lmMwlEoqmhzu0iztID5uJpZsFlUPDP8ThPL7M8w==",
      "license": "MIT"
    },
    "node_modules/parseuri": {
      "version": "0.0.6",
      "resolved": "https://registry.npmjs.org/parseuri/-/parseuri-0.0.6.tgz",
      "integrity": "sha512-AUjen8sAkGgao7UyCX6Ahv0gIK2fABKmYjvP4xmy5JaKvcbTRueIqIPHLAfq30xJddqSE033IOMUSOMCcK3Sow==",
      "license": "MIT"
    },
    "node_modules/pyconf": {
      "version": "1.1.7",
      "resolved": "https://registry.npmjs.org/pyconf/-/pyconf-1.1.7.tgz",
      "integrity": "sha512-v4clh33m68sjtMsh8XMpjhGWb/MQODAYZ1y7ORG5Qv58UK25OddoB+oXyexgDkK8ttFui/lZm2sQDgA2Ftjfkw==",
      "license": "(MIT OR Apache-2.0)",
      "dependencies": {
        "safe-replace": "^1.0.2"
      }
    },
    "node_modules/rasha": {
      "version": "1.2.5",
      "resolved": "https://registry.npmjs.org/rasha/-/rasha-1.2.5.tgz",
      "integrity": "sha512-KxtX+/fBk+wM7O3CNgwjSh5elwFilLvqWajhr6wFr2Hd63JnKTTi43Tw+Jb1hxJQWOwoya+NZWR2xztn3hCrTw==",
      "license": "MPL-2.0",
      "bin": {
        "rasha": "bin/rasha.js"
      }
    },
    "node_modules/rsa-compat": {
      "version": "2.0.8",
      "resolved": "https://registry.npmjs.org/rsa-compat/-/rsa-compat-2.0.8.tgz",
      "integrity": "sha512-BFiiSEbuxzsVdaxpejbxfX07qs+rtous49Y6mL/zw6YHh9cranDvm2BvBmqT3rso84IsxNlP5BXnuNvm1Wn3Tw==",
      "license": "MPL-2.0",
      "dependencies": {
        "keypairs": "^1.2.14"
      },
      "bin": {
        "rsa-keygen-js": "bin/rsa-keygen.js"
      },
      "engines": {
        "node": ">=10.12"
      }
    },
    "node_modules/safe-replace": {
      "version": "1.1.0",
      "resolved": "https://registry.npmjs.org/safe-replace/-/safe-replace-1.1.0.tgz",
      "integrity": "sha512-9/V2E0CDsKs9DWOOwJH7jYpSl9S3N05uyevNjvsnDauBqRowBPOyot1fIvV5N2IuZAbYyvrTXrYFVG0RZInfFw==",
      "license": "(MIT OR Apache-2.0)"
    },
    "node_modules/safer-buffer": {
      "version": "2.1.2",
      "resolved": "https://registry.npmjs.org/safer-buffer/-/safer-buffer-2.1.2.tgz",
      "integrity": "sha512-YZo3K82SD7Riyi0E1EQPojLz7kpepnSQI9IyPbHHg1XXXevb5dJI7tpyN2ADxGcQbHG7vcyRHk0cbwqcQriUtg==",
      "license": "MIT"
    },
    "node_modules/socket.io": {
      "version": "2.5.1",
      "resolved": "https://registry.npmjs.org/socket.io/-/socket.io-2.5.1.tgz",
      "integrity": "sha512-eaTE4tBKRD6RFoetquMbxgvcpvoDtRyIlkIMI/SMK2bsKvbENTsDeeu4GJ/z9c90yOWxB7b/eC+yKLPbHnH6bA==",
      "license": "MIT",
      "dependencies": {
        "debug": "~4.1.0",
        "engine.io": "~3.6.0",
        "has-binary2": "~1.0.2",
        "socket.io-adapter": "~1.1.0",
        "socket.io-client": "2.5.0",
        "socket.io-parser": "~3.4.0"
      }
    },
    "node_modules/socket.io-adapter": {
      "version": "1.1.2",
      "resolved": "https://registry.npmjs.org/socket.io-adapter/-/socket.io-adapter-1.1.2.tgz",
      "integrity": "sha512-WzZRUj1kUjrTIrUKpZLEzFZ1OLj5FwLlAFQs9kuZJzJi5DKdU7FsWc36SNmA8iDOtwBQyT8FkrriRM8vXLYz8g==",
      "license": "MIT"
    },
    "node_modules/socket.io-client": {
      "version": "2.5.0",
      "resolved": "https://registry.npmjs.org/socket.io-client/-/socket.io-client-2.5.0.tgz",
      "integrity": "sha512-lOO9clmdgssDykiOmVQQitwBAF3I6mYcQAo7hQ7AM6Ny5X7fp8hIJ3HcQs3Rjz4SoggoxA1OgrQyY8EgTbcPYw==",
      "license": "MIT",
      "dependencies": {
        "backo2": "1.0.2",
        "component-bind": "1.0.0",
        "component-emitter": "~1.3.0",
        "debug": "~3.1.0",
        "engine.io-client": "~3.5.0",
        "has-binary2": "~1.0.2",
        "indexof": "0.0.1",
        "parseqs": "0.0.6",
        "parseuri": "0.0.6",
        "socket.io-parser": "~3.3.0",
        "to-array": "0.1.4"
      }
    },
    "node_modules/socket.io-client/node_modules/debug": {
      "version": "3.1.0",
      "resolved": "https://registry.npmjs.org/debug/-/debug-3.1.0.tgz",
      "integrity": "sha512-OX8XqP7/1a9cqkxYw2yXss15f26NKWBpDXQd0/uK/KPqdQhxbPa994hnzjcE2VqQpDslf55723cKPUOGSmMY3g==",
      "license": "MIT",
      "dependencies": {
        "ms": "2.0.0"
      }
    },
    "node_modules/socket.io-client/node_modules/ms": {
      "version": "2.0.0",
      "resolved": "https://registry.npmjs.org/ms/-/ms-2.0.0.tgz",
      "integrity": "sha512-Tpp60P6IUJDTuOq/5Z8cdskzJujfwqfOTkrwIwj7IRISpnkJnT6SyJ4PCPnGMoFjC9ddhal5KVIYtAt97ix05A==",
      "license": "MIT"
    },
    "node_modules/socket.io-client/node_modules/socket.io-parser": {
      "version": "3.3.4",
      "resolved": "https://registry.npmjs.org/socket.io-parser/-/socket.io-parser-3.3.4.tgz",
      "integrity": "sha512-z/pFQB3x+EZldRRzORYW1vwVO8m/3ILkswtnpoeU6Ve3cbMWkmHEWDAVJn4QJtchiiFTo5j7UG2QvwxvaA9vow==",
      "license": "MIT",
      "dependencies": {
        "component-emitter": "~1.3.0",
        "debug": "~3.1.0",
        "isarray": "2.0.1"
      }
    },
    "node_modules/socket.io-parser": {
      "version": "3.4.3",
      "resolved": "https://registry.npmjs.org/socket.io-parser/-/socket.io-parser-3.4.3.tgz",
      "integrity": "sha512-1rE4dZN3kCI/E5wixd393hmbqa78vVpkKmnEJhLeWoS/C5hbFYAbcSfnWoaVH43u9ToUVtzKjguxEZq+1XZfCQ==",
      "license": "MIT",
      "dependencies": {
        "component-emitter": "1.2.1",
        "debug": "~4.1.0",
        "isarray": "2.0.1"
      },
      "engines": {
        "node": ">=10.0.0"
      }
    },
    "node_modules/socket.io-parser/node_modules/component-emitter": {
      "version": "1.2.1",
      "resolved": "https://registry.npmjs.org/component-emitter/-/component-emitter-1.2.1.tgz",
      "integrity": "sha512-jPatnhd33viNplKjqXKRkGU345p263OIWzDL2wH3LGIGp5Kojo+uXizHmOADRvhGFFTnJqX3jBAKP6vvmSDKcA==",
      "license": "MIT"
    },
    "node_modules/string-extended": {
      "version": "0.0.8",
      "resolved": "https://registry.npmjs.org/string-extended/-/string-extended-0.0.8.tgz",
      "integrity": "sha512-CK46p3AxBvBhJbBi6WrF9bCcaWH20E4NwlLSzpooG2nXWvcP2gy2YR8VN6fSwZyrbcvL4S4zoNKbR0QG52X4rw==",
      "license": "MIT",
      "dependencies": {
        "array-extended": "~0.0.5",
        "date-extended": "~0.0.3",
        "extended": "~0.0.3",
        "is-extended": "~0.0.3"
      }
    },
    "node_modules/to-array": {
      "version": "0.1.4",
      "resolved": "https://registry.npmjs.org/to-array/-/to-array-0.1.4.tgz",
      "integrity": "sha512-LhVdShQD/4Mk4zXNroIQZJC+Ap3zgLcDuwEdcmLv9CCO73NWockQDwyUnW/m8VX/EElfL6FcYx7EeutN4HJA6A=="
    },
    "node_modules/ws": {
      "version": "7.5.10",
      "resolved": "https://registry.npmjs.org/ws/-/ws-7.5.10.tgz",
      "integrity": "sha512-+dbF1tHwZpXcbOJdVOkzLDxZP1ailvSxM6ZweXTegylPny803bFhA+vqBYw4s31NSAk4S2Qz+AKXK9a4wkdjcQ==",
      "license": "MIT",
      "engines": {
        "node": ">=8.3.0"
      },
      "peerDependencies": {
        "bufferutil": "^4.0.1",
        "utf-8-validate": "^5.0.2"
      },
      "peerDependenciesMeta": {
        "bufferutil": {
          "optional": true
        },
        "utf-8-validate": {
          "optional": true
        }
      }
    },
    "node_modules/xmlhttprequest-ssl": {
      "version": "1.6.3",
      "resolved": "https://registry.npmjs.org/xmlhttprequest-ssl/-/xmlhttprequest-ssl-1.6.3.tgz",
      "integrity": "sha512-3XfeQE/wNkvrIktn2Kf0869fC0BN6UpydVasGIeSm2B1Llihf7/0UfZM+eCkOw3P7bP4+qPgqhm7ZoxuJtFU0Q==",
      "engines": {
        "node": ">=0.4.0"
      }
    },
    "node_modules/yeast": {
      "version": "0.1.2",
      "resolved": "https://registry.npmjs.org/yeast/-/yeast-0.1.2.tgz",
      "integrity": "sha512-8HFIh676uyGYP6wP13R/j6OJ/1HwJ46snpvzE7aHAN3Ryqh2yX6Xox2B4CUmTwwOIzlG3Bs7ocsP5dZH/R1Qbg==",
      "license": "MIT"
    }
  }
}
